
Microsoft Visual Studio Solution File, Format Version 12.00
# Visual Studio 15
VisualStudioVersion = 15.0.27703.2042
MinimumVisualStudioVersion = 10.0.40219.1
Project("{FAE04EC0-301F-11D3-BF4B-00C04F79EFBC}") = "QuickSave", "QuickSave.csproj", "{6BF9D26F-B515-454B-B141-F46C1C75193A}"
EndProject
Global
	GlobalSection(SolutionConfigurationPlatforms) = preSolution
		Debug|Any CPU = Debug|Any CPU
		Release|Any CPU = Release|Any CPU
	EndGlobalSection
	GlobalSection(ProjectConfigurationPlatforms) = postSolution
		{6BF9D26F-B515-454B-B141-F46C1C75193A}.Debug|Any CPU.ActiveCfg = Debug|Any CPU
		{6BF9D26F-B515-454B-B141-F46C1C75193A}.Debug|Any CPU.Build.0 = Debug|Any CPU
		{6BF9D26F-B515-454B-B141-F46C1C75193A}.Release|Any CPU.ActiveCfg = Release|Any CPU
		{6BF9D26F-B515-454B-B141-F46C1C75193A}.Release|Any CPU.Build.0 = Release|Any CPU
	EndGlobalSection
	GlobalSection(SolutionProperties) = preSolution
		HideSolutionNode = FALSE
	EndGlobalSection
	GlobalSection(ExtensibilityGlobals) = postSolution
		SolutionGuid = {1B30A9FC-5A91-458D-BB42-29E65045D095}
	EndGlobalSection
EndGlobal
